PODS:
  - GRDB.swift (1.1)
  - IQKeyboardManagerSwift (4.0.10)

DEPENDENCIES:
  - GRDB.swift (~> 1.0)
  - IQKeyboardManagerSwift (= 4.0.10)

SPEC CHECKSUMS:
  GRDB.swift: 58dd10ae08200ce68434e025ca454b8b79fc3c0d
  IQKeyboardManagerSwift: 75ba21a23794a1e6b6fe6d9a267ea17f80e06771

PODFILE CHECKSUM: 29ab62377b35ae1c6b37f77e43a1fb06147b9a9d

COCOAPODS: 1.2.1
