// !$*UTF8*$!
{
	archiveVersion = 1;
	classes = {
	};
	objectVersion = 46;
	objects = {

/* Begin PBXBuildFile section */
		D7157CB9367F23D3C3930B42 /* Pods_HappyHealthy.framework in Frameworks */ = {isa = PBXBuildFile; fileRef = 66708A232800003B100801A5 /* Pods_HappyHealthy.framework */; };
		FC2BE1EA1EF0E63500CBF9FE /* homeViewController.swift in Sources */ = {isa = PBXBuildFile; fileRef = FC2BE1E91EF0E63500CBF9FE /* homeViewController.swift */; };
		FC5231A71EF511800067E0C0 /* ExerciseViewController.swift in Sources */ = {isa = PBXBuildFile; fileRef = FC52319E1EF511800067E0C0 /* ExerciseViewController.swift */; };
		FC5231A81EF511800067E0C0 /* DatabaseHelper.swift in Sources */ = {isa = PBXBuildFile; fileRef = FC5231A01EF511800067E0C0 /* DatabaseHelper.swift */; };
		FC5231AB1EF511800067E0C0 /* ExerciseHistoryTable.swift in Sources */ = {isa = PBXBuildFile; fileRef = FC5231A51EF511800067E0C0 /* ExerciseHistoryTable.swift */; };
		FC5231AC1EF511800067E0C0 /* ExerciseTable.swift in Sources */ = {isa = PBXBuildFile; fileRef = FC5231A61EF511800067E0C0 /* ExerciseTable.swift */; };
		FC5231AF1EF5149D0067E0C0 /* ExerciseTableViewCell.swift in Sources */ = {isa = PBXBuildFile; fileRef = FC5231AE1EF5149D0067E0C0 /* ExerciseTableViewCell.swift */; };
		FC5231CF1EF51EF90067E0C0 /* ShowDetailExerciseViewController.swift in Sources */ = {isa = PBXBuildFile; fileRef = FC5231CE1EF51EF90067E0C0 /* ShowDetailExerciseViewController.swift */; };
		FC5231D11EF530430067E0C0 /* FoodTable.swift in Sources */ = {isa = PBXBuildFile; fileRef = FC5231D01EF530430067E0C0 /* FoodTable.swift */; };
		FC5231D31EF53D000067E0C0 /* FoodViewController.swift in Sources */ = {isa = PBXBuildFile; fileRef = FC5231D21EF53D000067E0C0 /* FoodViewController.swift */; };
		FC5231D61EF53E230067E0C0 /* FoodTableViewCell.swift in Sources */ = {isa = PBXBuildFile; fileRef = FC5231D51EF53E230067E0C0 /* FoodTableViewCell.swift */; };
		FC5231D81EF53E420067E0C0 /* ShowDetailFoodViewController.swift in Sources */ = {isa = PBXBuildFile; fileRef = FC5231D71EF53E420067E0C0 /* ShowDetailFoodViewController.swift */; };
		FC5231DC1EF551310067E0C0 /* FoodHistoryTable.swift in Sources */ = {isa = PBXBuildFile; fileRef = FC5231DB1EF551310067E0C0 /* FoodHistoryTable.swift */; };
		FC5231DE1EF553B60067E0C0 /* KidneyTable.swift in Sources */ = {isa = PBXBuildFile; fileRef = FC5231DD1EF553B60067E0C0 /* KidneyTable.swift */; };
		FC5231E01EF5541A0067E0C0 /* PressureTable.swift in Sources */ = {isa = PBXBuildFile; fileRef = FC5231DF1EF5541A0067E0C0 /* PressureTable.swift */; };
		FC5231E41EF5552D0067E0C0 /* UserTable.swift in Sources */ = {isa = PBXBuildFile; fileRef = FC5231E31EF5552D0067E0C0 /* UserTable.swift */; };
		FC5231E81EF563560067E0C0 /* DiabetesTable.swift in Sources */ = {isa = PBXBuildFile; fileRef = FC5231E71EF563560067E0C0 /* DiabetesTable.swift */; };
		FC666B431EF75E4F0019E1CF /* UserViewController.swift in Sources */ = {isa = PBXBuildFile; fileRef = FC666B411EF75E4F0019E1CF /* UserViewController.swift */; };
		FC793F701EF8DF4200DCFAF1 /* HappyHealthy_Sqlite.db in Resources */ = {isa = PBXBuildFile; fileRef = FC63C1681EF63FC6006ED946 /* HappyHealthy_Sqlite.db */; };
		FC7D39871EFCB84100F037C9 /* KidneyViewController.swift in Sources */ = {isa = PBXBuildFile; fileRef = FC7D39861EFCB84100F037C9 /* KidneyViewController.swift */; };
		FC7D39891EFCBE2200F037C9 /* ShowKidneyViewController.swift in Sources */ = {isa = PBXBuildFile; fileRef = FC7D39881EFCBE2200F037C9 /* ShowKidneyViewController.swift */; };
		FC7D398B1EFCC65E00F037C9 /* PressureViewController.swift in Sources */ = {isa = PBXBuildFile; fileRef = FC7D398A1EFCC65E00F037C9 /* PressureViewController.swift */; };
		FC7D398E1EFCC67D00F037C9 /* ShowPressureViewController.swift in Sources */ = {isa = PBXBuildFile; fileRef = FC7D398D1EFCC67D00F037C9 /* ShowPressureViewController.swift */; };
		FC7E40771EFBA546006D45CD /* DiabetesViewController.swift in Sources */ = {isa = PBXBuildFile; fileRef = FC7E40761EFBA546006D45CD /* DiabetesViewController.swift */; };
		FC7E40791EFBBC7F006D45CD /* ShowDiabetesViewController.swift in Sources */ = {isa = PBXBuildFile; fileRef = FC7E40781EFBBC7F006D45CD /* ShowDiabetesViewController.swift */; };
		FC7E62721EEE35DA0065F6C2 /* AppDelegate.swift in Sources */ = {isa = PBXBuildFile; fileRef = FC7E62711EEE35DA0065F6C2 /* AppDelegate.swift */; };
		FC7E62771EEE35DA0065F6C2 /* Main.storyboard in Resources */ = {isa = PBXBuildFile; fileRef = FC7E62751EEE35DA0065F6C2 /* Main.storyboard */; };
		FC7E62791EEE35DA0065F6C2 /* Assets.xcassets in Resources */ = {isa = PBXBuildFile; fileRef = FC7E62781EEE35DA0065F6C2 /* Assets.xcassets */; };
		FC7E627C1EEE35DA0065F6C2 /* LaunchScreen.storyboard in Resources */ = {isa = PBXBuildFile; fileRef = FC7E627A1EEE35DA0065F6C2 /* LaunchScreen.storyboard */; };
		FC7E62871EEE35DA0065F6C2 /* HappyHealthyTests.swift in Sources */ = {isa = PBXBuildFile; fileRef = FC7E62861EEE35DA0065F6C2 /* HappyHealthyTests.swift */; };
		FC7E62921EEE35DA0065F6C2 /* HappyHealthyUITests.swift in Sources */ = {isa = PBXBuildFile; fileRef = FC7E62911EEE35DA0065F6C2 /* HappyHealthyUITests.swift */; };
		FC7E62C81EEE89DF0065F6C2 /* InstructionViewController.swift in Sources */ = {isa = PBXBuildFile; fileRef = FC7E62C71EEE89DF0065F6C2 /* InstructionViewController.swift */; };
		FC9924001F00AC3000CBF363 /* HistoryKidneyViewController.swift in Sources */ = {isa = PBXBuildFile; fileRef = FC9923FF1F00AC3000CBF363 /* HistoryKidneyViewController.swift */; };
		FC9924021F00AC4200CBF363 /* HistoryKidneyTableViewCell.swift in Sources */ = {isa = PBXBuildFile; fileRef = FC9924011F00AC4200CBF363 /* HistoryKidneyTableViewCell.swift */; };
/* End PBXBuildFile section */

/* Begin PBXContainerItemProxy section */
		FC7E62831EEE35DA0065F6C2 /* PBXContainerItemProxy */ = {
			isa = PBXContainerItemProxy;
			containerPortal = FC7E62661EEE35DA0065F6C2 /* Project object */;
			proxyType = 1;
			remoteGlobalIDString = FC7E626D1EEE35DA0065F6C2;
			remoteInfo = HappyHealthy;
		};
		FC7E628E1EEE35DA0065F6C2 /* PBXContainerItemProxy */ = {
			isa = PBXContainerItemProxy;
			containerPortal = FC7E62661EEE35DA0065F6C2 /* Project object */;
			proxyType = 1;
			remoteGlobalIDString = FC7E626D1EEE35DA0065F6C2;
			remoteInfo = HappyHealthy;
		};
/* End PBXContainerItemProxy section */

/* Begin PBXCopyFilesBuildPhase section */
		FCD9F7731EF3F37C0067BBFF /* Embed Frameworks */ = {
			isa = PBXCopyFilesBuildPhase;
			buildActionMask = 2147483647;
			dstPath = "";
			dstSubfolderSpec = 10;
			files = (
			);
			name = "Embed Frameworks";
			runOnlyForDeploymentPostprocessing = 0;
		};
/* End PBXCopyFilesBuildPhase section */

/* Begin PBXFileReference section */
		66708A232800003B100801A5 /* Pods_HappyHealthy.framework */ = {isa = PBXFileReference; explicitFileType = wrapper.framework; includeInIndex = 0; path = Pods_HappyHealthy.framework; sourceTree = BUILT_PRODUCTS_DIR; };
		8C20B913DE92550432902952 /* Pods-HappyHealthy.release.xcconfig */ = {isa = PBXFileReference; includeInIndex = 1; lastKnownFileType = text.xcconfig; name = "Pods-HappyHealthy.release.xcconfig"; path = "Pods/Target Support Files/Pods-HappyHealthy/Pods-HappyHealthy.release.xcconfig"; sourceTree = "<group>"; };
		8F8188C3D3AE417086977A70 /* Pods-HappyHealthy.debug.xcconfig */ = {isa = PBXFileReference; includeInIndex = 1; lastKnownFileType = text.xcconfig; name = "Pods-HappyHealthy.debug.xcconfig"; path = "Pods/Target Support Files/Pods-HappyHealthy/Pods-HappyHealthy.debug.xcconfig"; sourceTree = "<group>"; };
		FC2BE1E91EF0E63500CBF9FE /* homeViewController.swift */ = {isa = PBXFileReference; fileEncoding = 4; lastKnownFileType = sourcecode.swift; path = homeViewController.swift; sourceTree = "<group>"; };
		FC52319E1EF511800067E0C0 /* ExerciseViewController.swift */ = {isa = PBXFileReference; fileEncoding = 4; lastKnownFileType = sourcecode.swift; name = ExerciseViewController.swift; path = ../Controller/ExerciseViewController.swift; sourceTree = "<group>"; };
		FC5231A01EF511800067E0C0 /* DatabaseHelper.swift */ = {isa = PBXFileReference; fileEncoding = 4; lastKnownFileType = sourcecode.swift; path = DatabaseHelper.swift; sourceTree = "<group>"; };
		FC5231A51EF511800067E0C0 /* ExerciseHistoryTable.swift */ = {isa = PBXFileReference; fileEncoding = 4; lastKnownFileType = sourcecode.swift; path = ExerciseHistoryTable.swift; sourceTree = "<group>"; };
		FC5231A61EF511800067E0C0 /* ExerciseTable.swift */ = {isa = PBXFileReference; fileEncoding = 4; lastKnownFileType = sourcecode.swift; path = ExerciseTable.swift; sourceTree = "<group>"; };
		FC5231AE1EF5149D0067E0C0 /* ExerciseTableViewCell.swift */ = {isa = PBXFileReference; fileEncoding = 4; lastKnownFileType = sourcecode.swift; path = ExerciseTableViewCell.swift; sourceTree = "<group>"; };
		FC5231CE1EF51EF90067E0C0 /* ShowDetailExerciseViewController.swift */ = {isa = PBXFileReference; fileEncoding = 4; lastKnownFileType = sourcecode.swift; name = ShowDetailExerciseViewController.swift; path = ../Controller/ShowDetailExerciseViewController.swift; sourceTree = "<group>"; };
		FC5231D01EF530430067E0C0 /* FoodTable.swift */ = {isa = PBXFileReference; fileEncoding = 4; lastKnownFileType = sourcecode.swift; path = FoodTable.swift; sourceTree = "<group>"; };
		FC5231D21EF53D000067E0C0 /* FoodViewController.swift */ = {isa = PBXFileReference; fileEncoding = 4; lastKnownFileType = sourcecode.swift; name = FoodViewController.swift; path = View/FoodViewController.swift; sourceTree = "<group>"; };
		FC5231D51EF53E230067E0C0 /* FoodTableViewCell.swift */ = {isa = PBXFileReference; fileEncoding = 4; lastKnownFileType = sourcecode.swift; path = FoodTableViewCell.swift; sourceTree = "<group>"; };
		FC5231D71EF53E420067E0C0 /* ShowDetailFoodViewController.swift */ = {isa = PBXFileReference; fileEncoding = 4; lastKnownFileType = sourcecode.swift; path = ShowDetailFoodViewController.swift; sourceTree = "<group>"; };
		FC5231DB1EF551310067E0C0 /* FoodHistoryTable.swift */ = {isa = PBXFileReference; fileEncoding = 4; lastKnownFileType = sourcecode.swift; path = FoodHistoryTable.swift; sourceTree = "<group>"; };
		FC5231DD1EF553B60067E0C0 /* KidneyTable.swift */ = {isa = PBXFileReference; fileEncoding = 4; lastKnownFileType = sourcecode.swift; path = KidneyTable.swift; sourceTree = "<group>"; };
		FC5231DF1EF5541A0067E0C0 /* PressureTable.swift */ = {isa = PBXFileReference; fileEncoding = 4; lastKnownFileType = sourcecode.swift; path = PressureTable.swift; sourceTree = "<group>"; };
		FC5231E31EF5552D0067E0C0 /* UserTable.swift */ = {isa = PBXFileReference; fileEncoding = 4; lastKnownFileType = sourcecode.swift; path = UserTable.swift; sourceTree = "<group>"; };
		FC5231E71EF563560067E0C0 /* DiabetesTable.swift */ = {isa = PBXFileReference; fileEncoding = 4; lastKnownFileType = sourcecode.swift; path = DiabetesTable.swift; sourceTree = "<group>"; };
		FC63C1681EF63FC6006ED946 /* HappyHealthy_Sqlite.db */ = {isa = PBXFileReference; lastKnownFileType = file; path = HappyHealthy_Sqlite.db; sourceTree = "<group>"; };
		FC666B411EF75E4F0019E1CF /* UserViewController.swift */ = {isa = PBXFileReference; fileEncoding = 4; lastKnownFileType = sourcecode.swift; name = UserViewController.swift; path = Controller/UserViewController.swift; sourceTree = "<group>"; };
		FC7D39861EFCB84100F037C9 /* KidneyViewController.swift */ = {isa = PBXFileReference; fileEncoding = 4; lastKnownFileType = sourcecode.swift; path = KidneyViewController.swift; sourceTree = "<group>"; };
		FC7D39881EFCBE2200F037C9 /* ShowKidneyViewController.swift */ = {isa = PBXFileReference; fileEncoding = 4; lastKnownFileType = sourcecode.swift; path = ShowKidneyViewController.swift; sourceTree = "<group>"; };
		FC7D398A1EFCC65E00F037C9 /* PressureViewController.swift */ = {isa = PBXFileReference; fileEncoding = 4; lastKnownFileType = sourcecode.swift; path = PressureViewController.swift; sourceTree = "<group>"; };
		FC7D398D1EFCC67D00F037C9 /* ShowPressureViewController.swift */ = {isa = PBXFileReference; fileEncoding = 4; lastKnownFileType = sourcecode.swift; path = ShowPressureViewController.swift; sourceTree = "<group>"; };
		FC7E40761EFBA546006D45CD /* DiabetesViewController.swift */ = {isa = PBXFileReference; fileEncoding = 4; lastKnownFileType = sourcecode.swift; path = DiabetesViewController.swift; sourceTree = "<group>"; };
		FC7E40781EFBBC7F006D45CD /* ShowDiabetesViewController.swift */ = {isa = PBXFileReference; fileEncoding = 4; lastKnownFileType = sourcecode.swift; path = ShowDiabetesViewController.swift; sourceTree = "<group>"; };
		FC7E626E1EEE35DA0065F6C2 /* HappyHealthy.app */ = {isa = PBXFileReference; explicitFileType = wrapper.application; includeInIndex = 0; path = HappyHealthy.app; sourceTree = BUILT_PRODUCTS_DIR; };
		FC7E62711EEE35DA0065F6C2 /* AppDelegate.swift */ = {isa = PBXFileReference; lastKnownFileType = sourcecode.swift; path = AppDelegate.swift; sourceTree = "<group>"; };
		FC7E62761EEE35DA0065F6C2 /* Base */ = {isa = PBXFileReference; lastKnownFileType = file.storyboard; name = Base; path = Base.lproj/Main.storyboard; sourceTree = "<group>"; };
		FC7E62781EEE35DA0065F6C2 /* Assets.xcassets */ = {isa = PBXFileReference; lastKnownFileType = folder.assetcatalog; path = Assets.xcassets; sourceTree = "<group>"; };
		FC7E627B1EEE35DA0065F6C2 /* Base */ = {isa = PBXFileReference; lastKnownFileType = file.storyboard; name = Base; path = Base.lproj/LaunchScreen.storyboard; sourceTree = "<group>"; };
		FC7E627D1EEE35DA0065F6C2 /* Info.plist */ = {isa = PBXFileReference; lastKnownFileType = text.plist.xml; path = Info.plist; sourceTree = "<group>"; };
		FC7E62821EEE35DA0065F6C2 /* HappyHealthyTests.xctest */ = {isa = PBXFileReference; explicitFileType = wrapper.cfbundle; includeInIndex = 0; path = HappyHealthyTests.xctest; sourceTree = BUILT_PRODUCTS_DIR; };
		FC7E62861EEE35DA0065F6C2 /* HappyHealthyTests.swift */ = {isa = PBXFileReference; lastKnownFileType = sourcecode.swift; path = HappyHealthyTests.swift; sourceTree = "<group>"; };
		FC7E62881EEE35DA0065F6C2 /* Info.plist */ = {isa = PBXFileReference; lastKnownFileType = text.plist.xml; path = Info.plist; sourceTree = "<group>"; };
		FC7E628D1EEE35DA0065F6C2 /* HappyHealthyUITests.xctest */ = {isa = PBXFileReference; explicitFileType = wrapper.cfbundle; includeInIndex = 0; path = HappyHealthyUITests.xctest; sourceTree = BUILT_PRODUCTS_DIR; };
		FC7E62911EEE35DA0065F6C2 /* HappyHealthyUITests.swift */ = {isa = PBXFileReference; lastKnownFileType = sourcecode.swift; path = HappyHealthyUITests.swift; sourceTree = "<group>"; };
		FC7E62931EEE35DA0065F6C2 /* Info.plist */ = {isa = PBXFileReference; lastKnownFileType = text.plist.xml; path = Info.plist; sourceTree = "<group>"; };
		FC7E62C71EEE89DF0065F6C2 /* InstructionViewController.swift */ = {isa = PBXFileReference; fileEncoding = 4; lastKnownFileType = sourcecode.swift; path = InstructionViewController.swift; sourceTree = "<group>"; };
		FC9923FF1F00AC3000CBF363 /* HistoryKidneyViewController.swift */ = {isa = PBXFileReference; fileEncoding = 4; lastKnownFileType = sourcecode.swift; path = HistoryKidneyViewController.swift; sourceTree = "<group>"; };
		FC9924011F00AC4200CBF363 /* HistoryKidneyTableViewCell.swift */ = {isa = PBXFileReference; fileEncoding = 4; lastKnownFileType = sourcecode.swift; path = HistoryKidneyTableViewCell.swift; sourceTree = "<group>"; };
/* End PBXFileReference section */

/* Begin PBXFrameworksBuildPhase section */
		FC7E626B1EEE35DA0065F6C2 /* Frameworks */ = {
			isa = PBXFrameworksBuildPhase;
			buildActionMask = 2147483647;
			files = (
				D7157CB9367F23D3C3930B42 /* Pods_HappyHealthy.framework in Frameworks */,
			);
			runOnlyForDeploymentPostprocessing = 0;
		};
		FC7E627F1EEE35DA0065F6C2 /* Frameworks */ = {
			isa = PBXFrameworksBuildPhase;
			buildActionMask = 2147483647;
			files = (
			);
			runOnlyForDeploymentPostprocessing = 0;
		};
		FC7E628A1EEE35DA0065F6C2 /* Frameworks */ = {
			isa = PBXFrameworksBuildPhase;
			buildActionMask = 2147483647;
			files = (
			);
			runOnlyForDeploymentPostprocessing = 0;
		};
/* End PBXFrameworksBuildPhase section */

/* Begin PBXGroup section */
		3E4EAC6169EC6901F87ABEB3 /* Pods */ = {
			isa = PBXGroup;
			children = (
				8F8188C3D3AE417086977A70 /* Pods-HappyHealthy.debug.xcconfig */,
				8C20B913DE92550432902952 /* Pods-HappyHealthy.release.xcconfig */,
			);
			name = Pods;
			sourceTree = "<group>";
		};
		448826CC4A83B916E60D9B59 /* Frameworks */ = {
			isa = PBXGroup;
			children = (
				66708A232800003B100801A5 /* Pods_HappyHealthy.framework */,
			);
			name = Frameworks;
			sourceTree = "<group>";
		};
		FC52319F1EF511800067E0C0 /* Helper */ = {
			isa = PBXGroup;
			children = (
				FC5231A01EF511800067E0C0 /* DatabaseHelper.swift */,
			);
			path = Helper;
			sourceTree = "<group>";
		};
		FC5231A41EF511800067E0C0 /* Table */ = {
			isa = PBXGroup;
			children = (
				FC5231A51EF511800067E0C0 /* ExerciseHistoryTable.swift */,
				FC5231A61EF511800067E0C0 /* ExerciseTable.swift */,
				FC5231D01EF530430067E0C0 /* FoodTable.swift */,
				FC5231DB1EF551310067E0C0 /* FoodHistoryTable.swift */,
				FC5231DD1EF553B60067E0C0 /* KidneyTable.swift */,
				FC5231DF1EF5541A0067E0C0 /* PressureTable.swift */,
				FC5231E31EF5552D0067E0C0 /* UserTable.swift */,
				FC5231E71EF563560067E0C0 /* DiabetesTable.swift */,
			);
			name = Table;
			path = Model;
			sourceTree = "<group>";
		};
		FC5231AD1EF5149D0067E0C0 /* Exercise */ = {
			isa = PBXGroup;
			children = (
				FC5231AE1EF5149D0067E0C0 /* ExerciseTableViewCell.swift */,
				FC52319E1EF511800067E0C0 /* ExerciseViewController.swift */,
				FC5231CE1EF51EF90067E0C0 /* ShowDetailExerciseViewController.swift */,
			);
			name = Exercise;
			path = View;
			sourceTree = "<group>";
		};
		FC5231D41EF53D140067E0C0 /* Food */ = {
			isa = PBXGroup;
			children = (
				FC5231D21EF53D000067E0C0 /* FoodViewController.swift */,
				FC5231D51EF53E230067E0C0 /* FoodTableViewCell.swift */,
				FC5231D71EF53E420067E0C0 /* ShowDetailFoodViewController.swift */,
			);
			name = Food;
			sourceTree = "<group>";
		};
		FC666B4D1EF774C40019E1CF /* User */ = {
			isa = PBXGroup;
			children = (
				FC666B411EF75E4F0019E1CF /* UserViewController.swift */,
			);
			name = User;
			sourceTree = "<group>";
		};
		FC7D39851EFCB82A00F037C9 /* Kidney */ = {
			isa = PBXGroup;
			children = (
				FC7D39861EFCB84100F037C9 /* KidneyViewController.swift */,
				FC7D39881EFCBE2200F037C9 /* ShowKidneyViewController.swift */,
				FC9923FF1F00AC3000CBF363 /* HistoryKidneyViewController.swift */,
				FC9924011F00AC4200CBF363 /* HistoryKidneyTableViewCell.swift */,
			);
			name = Kidney;
			sourceTree = "<group>";
		};
		FC7D398C1EFCC66600F037C9 /* Pressure */ = {
			isa = PBXGroup;
			children = (
				FC7D398A1EFCC65E00F037C9 /* PressureViewController.swift */,
				FC7D398D1EFCC67D00F037C9 /* ShowPressureViewController.swift */,
			);
			name = Pressure;
			sourceTree = "<group>";
		};
		FC7E40751EFBA527006D45CD /* Diabetes */ = {
			isa = PBXGroup;
			children = (
				FC7E40761EFBA546006D45CD /* DiabetesViewController.swift */,
				FC7E40781EFBBC7F006D45CD /* ShowDiabetesViewController.swift */,
			);
			name = Diabetes;
			sourceTree = "<group>";
		};
		FC7E62651EEE35DA0065F6C2 = {
			isa = PBXGroup;
			children = (
				FC63C1681EF63FC6006ED946 /* HappyHealthy_Sqlite.db */,
				FC7D398C1EFCC66600F037C9 /* Pressure */,
				FC7D39851EFCB82A00F037C9 /* Kidney */,
				FC7E40751EFBA527006D45CD /* Diabetes */,
				FC666B4D1EF774C40019E1CF /* User */,
				FC5231D41EF53D140067E0C0 /* Food */,
				FC5231AD1EF5149D0067E0C0 /* Exercise */,
				FC52319F1EF511800067E0C0 /* Helper */,
				FC5231A41EF511800067E0C0 /* Table */,
				FC7E62701EEE35DA0065F6C2 /* HappyHealthy */,
				FC7E62851EEE35DA0065F6C2 /* HappyHealthyTests */,
				FC7E62901EEE35DA0065F6C2 /* HappyHealthyUITests */,
				FC7E626F1EEE35DA0065F6C2 /* Products */,
				3E4EAC6169EC6901F87ABEB3 /* Pods */,
				448826CC4A83B916E60D9B59 /* Frameworks */,
			);
			sourceTree = "<group>";
		};
		FC7E626F1EEE35DA0065F6C2 /* Products */ = {
			isa = PBXGroup;
			children = (
				FC7E626E1EEE35DA0065F6C2 /* HappyHealthy.app */,
				FC7E62821EEE35DA0065F6C2 /* HappyHealthyTests.xctest */,
				FC7E628D1EEE35DA0065F6C2 /* HappyHealthyUITests.xctest */,
			);
			name = Products;
			sourceTree = "<group>";
		};
		FC7E62701EEE35DA0065F6C2 /* HappyHealthy */ = {
			isa = PBXGroup;
			children = (
				FC7E62711EEE35DA0065F6C2 /* AppDelegate.swift */,
				FC7E62751EEE35DA0065F6C2 /* Main.storyboard */,
				FC7E62781EEE35DA0065F6C2 /* Assets.xcassets */,
				FC7E627A1EEE35DA0065F6C2 /* LaunchScreen.storyboard */,
				FC7E627D1EEE35DA0065F6C2 /* Info.plist */,
				FC7E62C71EEE89DF0065F6C2 /* InstructionViewController.swift */,
				FC2BE1E91EF0E63500CBF9FE /* homeViewController.swift */,
			);
			path = HappyHealthy;
			sourceTree = "<group>";
		};
		FC7E62851EEE35DA0065F6C2 /* HappyHealthyTests */ = {
			isa = PBXGroup;
			children = (
				FC7E62861EEE35DA0065F6C2 /* HappyHealthyTests.swift */,
				FC7E62881EEE35DA0065F6C2 /* Info.plist */,
			);
			path = HappyHealthyTests;
			sourceTree = "<group>";
		};
		FC7E62901EEE35DA0065F6C2 /* HappyHealthyUITests */ = {
			isa = PBXGroup;
			children = (
				FC7E62911EEE35DA0065F6C2 /* HappyHealthyUITests.swift */,
				FC7E62931EEE35DA0065F6C2 /* Info.plist */,
			);
			path = HappyHealthyUITests;
			sourceTree = "<group>";
		};
/* End PBXGroup section */

/* Begin PBXNativeTarget section */
		FC7E626D1EEE35DA0065F6C2 /* HappyHealthy */ = {
			isa = PBXNativeTarget;
			buildConfigurationList = FC7E62961EEE35DA0065F6C2 /* Build configuration list for PBXNativeTarget "HappyHealthy" */;
			buildPhases = (
				553E15EB27A079DA773B9D68 /* [CP] Check Pods Manifest.lock */,
				FC7E626A1EEE35DA0065F6C2 /* Sources */,
				FC7E626B1EEE35DA0065F6C2 /* Frameworks */,
				FC7E626C1EEE35DA0065F6C2 /* Resources */,
				FCD9F7731EF3F37C0067BBFF /* Embed Frameworks */,
				48CC94FCA9D5D959BB3B753B /* [CP] Embed Pods Frameworks */,
				879F7976E799D242FB52AD3F /* [CP] Copy Pods Resources */,
			);
			buildRules = (
			);
			dependencies = (
			);
			name = HappyHealthy;
			productName = HappyHealthy;
			productReference = FC7E626E1EEE35DA0065F6C2 /* HappyHealthy.app */;
			productType = "com.apple.product-type.application";
		};
		FC7E62811EEE35DA0065F6C2 /* HappyHealthyTests */ = {
			isa = PBXNativeTarget;
			buildConfigurationList = FC7E62991EEE35DA0065F6C2 /* Build configuration list for PBXNativeTarget "HappyHealthyTests" */;
			buildPhases = (
				FC7E627E1EEE35DA0065F6C2 /* Sources */,
				FC7E627F1EEE35DA0065F6C2 /* Frameworks */,
				FC7E62801EEE35DA0065F6C2 /* Resources */,
			);
			buildRules = (
			);
			dependencies = (
				FC7E62841EEE35DA0065F6C2 /* PBXTargetDependency */,
			);
			name = HappyHealthyTests;
			productName = HappyHealthyTests;
			productReference = FC7E62821EEE35DA0065F6C2 /* HappyHealthyTests.xctest */;
			productType = "com.apple.product-type.bundle.unit-test";
		};
		FC7E628C1EEE35DA0065F6C2 /* HappyHealthyUITests */ = {
			isa = PBXNativeTarget;
			buildConfigurationList = FC7E629C1EEE35DA0065F6C2 /* Build configuration list for PBXNativeTarget "HappyHealthyUITests" */;
			buildPhases = (
				FC7E62891EEE35DA0065F6C2 /* Sources */,
				FC7E628A1EEE35DA0065F6C2 /* Frameworks */,
				FC7E628B1EEE35DA0065F6C2 /* Resources */,
			);
			buildRules = (
			);
			dependencies = (
				FC7E628F1EEE35DA0065F6C2 /* PBXTargetDependency */,
			);
			name = HappyHealthyUITests;
			productName = HappyHealthyUITests;
			productReference = FC7E628D1EEE35DA0065F6C2 /* HappyHealthyUITests.xctest */;
			productType = "com.apple.product-type.bundle.ui-testing";
		};
/* End PBXNativeTarget section */

/* Begin PBXProject section */
		FC7E62661EEE35DA0065F6C2 /* Project object */ = {
			isa = PBXProject;
			attributes = {
				LastSwiftUpdateCheck = 0830;
				LastUpgradeCheck = 0830;
				ORGANIZATIONNAME = bigdata;
				TargetAttributes = {
					FC7E626D1EEE35DA0065F6C2 = {
						CreatedOnToolsVersion = 8.3.2;
						DevelopmentTeam = TAG5S52MXM;
						ProvisioningStyle = Automatic;
					};
					FC7E62811EEE35DA0065F6C2 = {
						CreatedOnToolsVersion = 8.3.2;
						DevelopmentTeam = TAG5S52MXM;
						ProvisioningStyle = Automatic;
						TestTargetID = FC7E626D1EEE35DA0065F6C2;
					};
					FC7E628C1EEE35DA0065F6C2 = {
						CreatedOnToolsVersion = 8.3.2;
						DevelopmentTeam = TAG5S52MXM;
						ProvisioningStyle = Automatic;
						TestTargetID = FC7E626D1EEE35DA0065F6C2;
					};
				};
			};
			buildConfigurationList = FC7E62691EEE35DA0065F6C2 /* Build configuration list for PBXProject "HappyHealthy" */;
			compatibilityVersion = "Xcode 3.2";
			developmentRegion = English;
			hasScannedForEncodings = 0;
			knownRegions = (
				en,
				Base,
			);
			mainGroup = FC7E62651EEE35DA0065F6C2;
			productRefGroup = FC7E626F1EEE35DA0065F6C2 /* Products */;
			projectDirPath = "";
			projectRoot = "";
			targets = (
				FC7E626D1EEE35DA0065F6C2 /* HappyHealthy */,
				FC7E62811EEE35DA0065F6C2 /* HappyHealthyTests */,
				FC7E628C1EEE35DA0065F6C2 /* HappyHealthyUITests */,
			);
		};
/* End PBXProject section */

/* Begin PBXResourcesBuildPhase section */
		FC7E626C1EEE35DA0065F6C2 /* Resources */ = {
			isa = PBXResourcesBuildPhase;
			buildActionMask = 2147483647;
			files = (
				FC793F701EF8DF4200DCFAF1 /* HappyHealthy_Sqlite.db in Resources */,
				FC7E627C1EEE35DA0065F6C2 /* LaunchScreen.storyboard in Resources */,
				FC7E62791EEE35DA0065F6C2 /* Assets.xcassets in Resources */,
				FC7E62771EEE35DA0065F6C2 /* Main.storyboard in Resources */,
			);
			runOnlyForDeploymentPostprocessing = 0;
		};
		FC7E62801EEE35DA0065F6C2 /* Resources */ = {
			isa = PBXResourcesBuildPhase;
			buildActionMask = 2147483647;
			files = (
			);
			runOnlyForDeploymentPostprocessing = 0;
		};
		FC7E628B1EEE35DA0065F6C2 /* Resources */ = {
			isa = PBXResourcesBuildPhase;
			buildActionMask = 2147483647;
			files = (
			);
			runOnlyForDeploymentPostprocessing = 0;
		};
/* End PBXResourcesBuildPhase section */

/* Begin PBXShellScriptBuildPhase section */
		48CC94FCA9D5D959BB3B753B /* [CP] Embed Pods Frameworks */ = {
			isa = PBXShellScriptBuildPhase;
			buildActionMask = 2147483647;
			files = (
			);
			inputPaths = (
			);
			name = "[CP] Embed Pods Frameworks";
			outputPaths = (
			);
			runOnlyForDeploymentPostprocessing = 0;
			shellPath = /bin/sh;
			shellScript = "\"${SRCROOT}/Pods/Target Support Files/Pods-HappyHealthy/Pods-HappyHealthy-frameworks.sh\"\n";
			showEnvVarsInLog = 0;
		};
		553E15EB27A079DA773B9D68 /* [CP] Check Pods Manifest.lock */ = {
			isa = PBXShellScriptBuildPhase;
			buildActionMask = 2147483647;
			files = (
			);
			inputPaths = (
			);
			name = "[CP] Check Pods Manifest.lock";
			outputPaths = (
			);
			runOnlyForDeploymentPostprocessing = 0;
			shellPath = /bin/sh;
			shellScript = "diff \"${PODS_PODFILE_DIR_PATH}/Podfile.lock\" \"${PODS_ROOT}/Manifest.lock\" > /dev/null\nif [ $? != 0 ] ; then\n    # print error to STDERR\n    echo \"error: The sandbox is not in sync with the Podfile.lock. Run 'pod install' or update your CocoaPods installation.\" >&2\n    exit 1\nfi\n";
			showEnvVarsInLog = 0;
		};
		879F7976E799D242FB52AD3F /* [CP] Copy Pods Resources */ = {
			isa = PBXShellScriptBuildPhase;
			buildActionMask = 2147483647;
			files = (
			);
			inputPaths = (
			);
			name = "[CP] Copy Pods Resources";
			outputPaths = (
			);
			runOnlyForDeploymentPostprocessing = 0;
			shellPath = /bin/sh;
			shellScript = "\"${SRCROOT}/Pods/Target Support Files/Pods-HappyHealthy/Pods-HappyHealthy-resources.sh\"\n";
			showEnvVarsInLog = 0;
		};
/* End PBXShellScriptBuildPhase section */

/* Begin PBXSourcesBuildPhase section */
		FC7E626A1EEE35DA0065F6C2 /* Sources */ = {
			isa = PBXSourcesBuildPhase;
			buildActionMask = 2147483647;
			files = (
				FC7E62721EEE35DA0065F6C2 /* AppDelegate.swift in Sources */,
				FC5231E41EF5552D0067E0C0 /* UserTable.swift in Sources */,
				FC5231AF1EF5149D0067E0C0 /* ExerciseTableViewCell.swift in Sources */,
				FC7E40771EFBA546006D45CD /* DiabetesViewController.swift in Sources */,
				FC7D398E1EFCC67D00F037C9 /* ShowPressureViewController.swift in Sources */,
				FC7E40791EFBBC7F006D45CD /* ShowDiabetesViewController.swift in Sources */,
				FC5231A81EF511800067E0C0 /* DatabaseHelper.swift in Sources */,
				FC7D39871EFCB84100F037C9 /* KidneyViewController.swift in Sources */,
				FC5231D11EF530430067E0C0 /* FoodTable.swift in Sources */,
				FC5231D31EF53D000067E0C0 /* FoodViewController.swift in Sources */,
				FC5231CF1EF51EF90067E0C0 /* ShowDetailExerciseViewController.swift in Sources */,
				FC9924021F00AC4200CBF363 /* HistoryKidneyTableViewCell.swift in Sources */,
				FC5231E01EF5541A0067E0C0 /* PressureTable.swift in Sources */,
				FC7E62C81EEE89DF0065F6C2 /* InstructionViewController.swift in Sources */,
				FC666B431EF75E4F0019E1CF /* UserViewController.swift in Sources */,
				FC5231DC1EF551310067E0C0 /* FoodHistoryTable.swift in Sources */,
				FC5231E81EF563560067E0C0 /* DiabetesTable.swift in Sources */,
				FC5231DE1EF553B60067E0C0 /* KidneyTable.swift in Sources */,
				FC9924001F00AC3000CBF363 /* HistoryKidneyViewController.swift in Sources */,
				FC7D39891EFCBE2200F037C9 /* ShowKidneyViewController.swift in Sources */,
				FC5231A71EF511800067E0C0 /* ExerciseViewController.swift in Sources */,
				FC5231AB1EF511800067E0C0 /* ExerciseHistoryTable.swift in Sources */,
				FC5231D61EF53E230067E0C0 /* FoodTableViewCell.swift in Sources */,
				FC2BE1EA1EF0E63500CBF9FE /* homeViewController.swift in Sources */,
				FC5231AC1EF511800067E0C0 /* ExerciseTable.swift in Sources */,
				FC5231D81EF53E420067E0C0 /* ShowDetailFoodViewController.swift in Sources */,
				FC7D398B1EFCC65E00F037C9 /* PressureViewController.swift in Sources */,
			);
			runOnlyForDeploymentPostprocessing = 0;
		};
		FC7E627E1EEE35DA0065F6C2 /* Sources */ = {
			isa = PBXSourcesBuildPhase;
			buildActionMask = 2147483647;
			files = (
				FC7E62871EEE35DA0065F6C2 /* HappyHealthyTests.swift in Sources */,
			);
			runOnlyForDeploymentPostprocessing = 0;
		};
		FC7E62891EEE35DA0065F6C2 /* Sources */ = {
			isa = PBXSourcesBuildPhase;
			buildActionMask = 2147483647;
			files = (
				FC7E62921EEE35DA0065F6C2 /* HappyHealthyUITests.swift in Sources */,
			);
			runOnlyForDeploymentPostprocessing = 0;
		};
/* End PBXSourcesBuildPhase section */

/* Begin PBXTargetDependency section */
		FC7E62841EEE35DA0065F6C2 /* PBXTargetDependency */ = {
			isa = PBXTargetDependency;
			target = FC7E626D1EEE35DA0065F6C2 /* HappyHealthy */;
			targetProxy = FC7E62831EEE35DA0065F6C2 /* PBXContainerItemProxy */;
		};
		FC7E628F1EEE35DA0065F6C2 /* PBXTargetDependency */ = {
			isa = PBXTargetDependency;
			target = FC7E626D1EEE35DA0065F6C2 /* HappyHealthy */;
			targetProxy = FC7E628E1EEE35DA0065F6C2 /* PBXContainerItemProxy */;
		};
/* End PBXTargetDependency section */

/* Begin PBXVariantGroup section */
		FC7E62751EEE35DA0065F6C2 /* Main.storyboard */ = {
			isa = PBXVariantGroup;
			children = (
				FC7E62761EEE35DA0065F6C2 /* Base */,
			);
			name = Main.storyboard;
			sourceTree = "<group>";
		};
		FC7E627A1EEE35DA0065F6C2 /* LaunchScreen.storyboard */ = {
			isa = PBXVariantGroup;
			children = (
				FC7E627B1EEE35DA0065F6C2 /* Base */,
			);
			name = LaunchScreen.storyboard;
			sourceTree = "<group>";
		};
/* End PBXVariantGroup section */

/* Begin XCBuildConfiguration section */
		FC7E62941EEE35DA0065F6C2 /* Debug */ = {
			isa = XCBuildConfiguration;
			buildSettings = {
				ALWAYS_SEARCH_USER_PATHS = NO;
				CLANG_ANALYZER_NONNULL = YES;
				CLANG_ANALYZER_NUMBER_OBJECT_CONVERSION = YES_AGGRESSIVE;
				CLANG_CXX_LANGUAGE_STANDARD = "gnu++0x";
				CLANG_CXX_LIBRARY = "libc++";
				CLANG_ENABLE_MODULES = YES;
				CLANG_ENABLE_OBJC_ARC = YES;
				CLANG_WARN_BOOL_CONVERSION = YES;
				CLANG_WARN_CONSTANT_CONVERSION = YES;
				CLANG_WARN_DIRECT_OBJC_ISA_USAGE = YES_ERROR;
				CLANG_WARN_DOCUMENTATION_COMMENTS = YES;
				CLANG_WARN_EMPTY_BODY = YES;
				CLANG_WARN_ENUM_CONVERSION = YES;
				CLANG_WARN_INFINITE_RECURSION = YES;
				CLANG_WARN_INT_CONVERSION = YES;
				CLANG_WARN_OBJC_ROOT_CLASS = YES_ERROR;
				CLANG_WARN_SUSPICIOUS_MOVE = YES;
				CLANG_WARN_UNREACHABLE_CODE = YES;
				CLANG_WARN__DUPLICATE_METHOD_MATCH = YES;
				"CODE_SIGN_IDENTITY[sdk=iphoneos*]" = "iPhone Developer";
				COPY_PHASE_STRIP = NO;
				DEBUG_INFORMATION_FORMAT = dwarf;
				ENABLE_STRICT_OBJC_MSGSEND = YES;
				ENABLE_TESTABILITY = YES;
				GCC_C_LANGUAGE_STANDARD = gnu99;
				GCC_DYNAMIC_NO_PIC = NO;
				GCC_NO_COMMON_BLOCKS = YES;
				GCC_OPTIMIZATION_LEVEL = 0;
				GCC_PREPROCESSOR_DEFINITIONS = (
					"DEBUG=1",
					"$(inherited)",
				);
				GCC_WARN_64_TO_32_BIT_CONVERSION = YES;
				GCC_WARN_ABOUT_RETURN_TYPE = YES_ERROR;
				GCC_WARN_UNDECLARED_SELECTOR = YES;
				GCC_WARN_UNINITIALIZED_AUTOS = YES_AGGRESSIVE;
				GCC_WARN_UNUSED_FUNCTION = YES;
				GCC_WARN_UNUSED_VARIABLE = YES;
				IPHONEOS_DEPLOYMENT_TARGET = 10.3;
				MTL_ENABLE_DEBUG_INFO = YES;
				ONLY_ACTIVE_ARCH = YES;
				SDKROOT = iphoneos;
				SWIFT_ACTIVE_COMPILATION_CONDITIONS = DEBUG;
				SWIFT_OPTIMIZATION_LEVEL = "-Onone";
				TARGETED_DEVICE_FAMILY = "1,2";
			};
			name = Debug;
		};
		FC7E62951EEE35DA0065F6C2 /* Release */ = {
			isa = XCBuildConfiguration;
			buildSettings = {
				ALWAYS_SEARCH_USER_PATHS = NO;
				CLANG_ANALYZER_NONNULL = YES;
				CLANG_ANALYZER_NUMBER_OBJECT_CONVERSION = YES_AGGRESSIVE;
				CLANG_CXX_LANGUAGE_STANDARD = "gnu++0x";
				CLANG_CXX_LIBRARY = "libc++";
				CLANG_ENABLE_MODULES = YES;
				CLANG_ENABLE_OBJC_ARC = YES;
				CLANG_WARN_BOOL_CONVERSION = YES;
				CLANG_WARN_CONSTANT_CONVERSION = YES;
				CLANG_WARN_DIRECT_OBJC_ISA_USAGE = YES_ERROR;
				CLANG_WARN_DOCUMENTATION_COMMENTS = YES;
				CLANG_WARN_EMPTY_BODY = YES;
				CLANG_WARN_ENUM_CONVERSION = YES;
				CLANG_WARN_INFINITE_RECURSION = YES;
				CLANG_WARN_INT_CONVERSION = YES;
				CLANG_WARN_OBJC_ROOT_CLASS = YES_ERROR;
				CLANG_WARN_SUSPICIOUS_MOVE = YES;
				CLANG_WARN_UNREACHABLE_CODE = YES;
				CLANG_WARN__DUPLICATE_METHOD_MATCH = YES;
				"CODE_SIGN_IDENTITY[sdk=iphoneos*]" = "iPhone Developer";
				COPY_PHASE_STRIP = NO;
				DEBUG_INFORMATION_FORMAT = "dwarf-with-dsym";
				ENABLE_NS_ASSERTIONS = NO;
				ENABLE_STRICT_OBJC_MSGSEND = YES;
				GCC_C_LANGUAGE_STANDARD = gnu99;
				GCC_NO_COMMON_BLOCKS = YES;
				GCC_WARN_64_TO_32_BIT_CONVERSION = YES;
				GCC_WARN_ABOUT_RETURN_TYPE = YES_ERROR;
				GCC_WARN_UNDECLARED_SELECTOR = YES;
				GCC_WARN_UNINITIALIZED_AUTOS = YES_AGGRESSIVE;
				GCC_WARN_UNUSED_FUNCTION = YES;
				GCC_WARN_UNUSED_VARIABLE = YES;
				IPHONEOS_DEPLOYMENT_TARGET = 10.3;
				MTL_ENABLE_DEBUG_INFO = NO;
				SDKROOT = iphoneos;
				SWIFT_OPTIMIZATION_LEVEL = "-Owholemodule";
				TARGETED_DEVICE_FAMILY = "1,2";
				VALIDATE_PRODUCT = YES;
			};
			name = Release;
		};
		FC7E62971EEE35DA0065F6C2 /* Debug */ = {
			isa = XCBuildConfiguration;
			baseConfigurationReference = 8F8188C3D3AE417086977A70 /* Pods-HappyHealthy.debug.xcconfig */;
			buildSettings = {
				ALWAYS_EMBED_SWIFT_STANDARD_LIBRARIES = YES;
				ASSETCATALOG_COMPILER_APPICON_NAME = AppIcon;
				DEVELOPMENT_TEAM = TAG5S52MXM;
				INFOPLIST_FILE = HappyHealthy/Info.plist;
				IPHONEOS_DEPLOYMENT_TARGET = 10.0;
				LD_RUNPATH_SEARCH_PATHS = "$(inherited) @executable_path/Frameworks";
				PRODUCT_BUNDLE_IDENTIFIER = com.HappyHealthy;
				PRODUCT_NAME = "$(TARGET_NAME)";
				SWIFT_VERSION = 3.0;
			};
			name = Debug;
		};
		FC7E62981EEE35DA0065F6C2 /* Release */ = {
			isa = XCBuildConfiguration;
			baseConfigurationReference = 8C20B913DE92550432902952 /* Pods-HappyHealthy.release.xcconfig */;
			buildSettings = {
				ALWAYS_EMBED_SWIFT_STANDARD_LIBRARIES = YES;
				ASSETCATALOG_COMPILER_APPICON_NAME = AppIcon;
				DEVELOPMENT_TEAM = TAG5S52MXM;
				INFOPLIST_FILE = HappyHealthy/Info.plist;
				IPHONEOS_DEPLOYMENT_TARGET = 10.0;
				LD_RUNPATH_SEARCH_PATHS = "$(inherited) @executable_path/Frameworks";
				PRODUCT_BUNDLE_IDENTIFIER = com.HappyHealthy;
				PRODUCT_NAME = "$(TARGET_NAME)";
				SWIFT_VERSION = 3.0;
			};
			name = Release;
		};
		FC7E629A1EEE35DA0065F6C2 /* Debug */ = {
			isa = XCBuildConfiguration;
			buildSettings = {
				ALWAYS_EMBED_SWIFT_STANDARD_LIBRARIES = YES;
				BUNDLE_LOADER = "$(TEST_HOST)";
				DEVELOPMENT_TEAM = TAG5S52MXM;
				INFOPLIST_FILE = HappyHealthyTests/Info.plist;
				LD_RUNPATH_SEARCH_PATHS = "$(inherited) @executable_path/Frameworks @loader_path/Frameworks";
				PRODUCT_BUNDLE_IDENTIFIER = com.HappyHealthyTests;
				PRODUCT_NAME = "$(TARGET_NAME)";
				SWIFT_VERSION = 3.0;
				TEST_HOST = "$(BUILT_PRODUCTS_DIR)/HappyHealthy.app/HappyHealthy";
			};
			name = Debug;
		};
		FC7E629B1EEE35DA0065F6C2 /* Release */ = {
			isa = XCBuildConfiguration;
			buildSettings = {
				ALWAYS_EMBED_SWIFT_STANDARD_LIBRARIES = YES;
				BUNDLE_LOADER = "$(TEST_HOST)";
				DEVELOPMENT_TEAM = TAG5S52MXM;
				INFOPLIST_FILE = HappyHealthyTests/Info.plist;
				LD_RUNPATH_SEARCH_PATHS = "$(inherited) @executable_path/Frameworks @loader_path/Frameworks";
				PRODUCT_BUNDLE_IDENTIFIER = com.HappyHealthyTests;
				PRODUCT_NAME = "$(TARGET_NAME)";
				SWIFT_VERSION = 3.0;
				TEST_HOST = "$(BUILT_PRODUCTS_DIR)/HappyHealthy.app/HappyHealthy";
			};
			name = Release;
		};
		FC7E629D1EEE35DA0065F6C2 /* Debug */ = {
			isa = XCBuildConfiguration;
			buildSettings = {
				ALWAYS_EMBED_SWIFT_STANDARD_LIBRARIES = YES;
				DEVELOPMENT_TEAM = TAG5S52MXM;
				INFOPLIST_FILE = HappyHealthyUITests/Info.plist;
				LD_RUNPATH_SEARCH_PATHS = "$(inherited) @executable_path/Frameworks @loader_path/Frameworks";
				PRODUCT_BUNDLE_IDENTIFIER = com.HappyHealthyUITests;
				PRODUCT_NAME = "$(TARGET_NAME)";
				SWIFT_VERSION = 3.0;
				TEST_TARGET_NAME = HappyHealthy;
			};
			name = Debug;
		};
		FC7E629E1EEE35DA0065F6C2 /* Release */ = {
			isa = XCBuildConfiguration;
			buildSettings = {
				ALWAYS_EMBED_SWIFT_STANDARD_LIBRARIES = YES;
				DEVELOPMENT_TEAM = TAG5S52MXM;
				INFOPLIST_FILE = HappyHealthyUITests/Info.plist;
				LD_RUNPATH_SEARCH_PATHS = "$(inherited) @executable_path/Frameworks @loader_path/Frameworks";
				PRODUCT_BUNDLE_IDENTIFIER = com.HappyHealthyUITests;
				PRODUCT_NAME = "$(TARGET_NAME)";
				SWIFT_VERSION = 3.0;
				TEST_TARGET_NAME = HappyHealthy;
			};
			name = Release;
		};
/* End XCBuildConfiguration section */

/* Begin XCConfigurationList section */
		FC7E62691EEE35DA0065F6C2 /* Build configuration list for PBXProject "HappyHealthy" */ = {
			isa = XCConfigurationList;
			buildConfigurations = (
				FC7E62941EEE35DA0065F6C2 /* Debug */,
				FC7E62951EEE35DA0065F6C2 /* Release */,
			);
			defaultConfigurationIsVisible = 0;
			defaultConfigurationName = Release;
		};
		FC7E62961EEE35DA0065F6C2 /* Build configuration list for PBXNativeTarget "HappyHealthy" */ = {
			isa = XCConfigurationList;
			buildConfigurations = (
				FC7E62971EEE35DA0065F6C2 /* Debug */,
				FC7E62981EEE35DA0065F6C2 /* Release */,
			);
			defaultConfigurationIsVisible = 0;
			defaultConfigurationName = Release;
		};
		FC7E62991EEE35DA0065F6C2 /* Build configuration list for PBXNativeTarget "HappyHealthyTests" */ = {
			isa = XCConfigurationList;
			buildConfigurations = (
				FC7E629A1EEE35DA0065F6C2 /* Debug */,
				FC7E629B1EEE35DA0065F6C2 /* Release */,
			);
			defaultConfigurationIsVisible = 0;
			defaultConfigurationName = Release;
		};
		FC7E629C1EEE35DA0065F6C2 /* Build configuration list for PBXNativeTarget "HappyHealthyUITests" */ = {
			isa = XCConfigurationList;
			buildConfigurations = (
				FC7E629D1EEE35DA0065F6C2 /* Debug */,
				FC7E629E1EEE35DA0065F6C2 /* Release */,
			);
			defaultConfigurationIsVisible = 0;
			defaultConfigurationName = Release;
		};
/* End XCConfigurationList section */
	};
	rootObject = FC7E62661EEE35DA0065F6C2 /* Project object */;
}
